
Microsoft Visual Studio Solution File, Format Version 12.00
# Visual Studio Version 16
VisualStudioVersion = 16.0.30517.126
MinimumVisualStudioVersion = 10.0.40219.1
Project("{FAE04EC0-301F-11D3-BF4B-00C04F79EFBC}") = "server_grpc_test", "server_grpc_test\server_grpc_test.csproj", "{5CC31799-6094-4974-968D-77994060454A}"
EndProject
Project("{FAE04EC0-301F-11D3-BF4B-00C04F79EFBC}") = "grpc_test_interface", "grpc_test_interface\grpc_test_interface.csproj", "{774BDC20-F1B0-412D-990B-40397C5786A2}"
EndProject
Global
	GlobalSection(SolutionConfigurationPlatforms) = preSolution
		Debug|Any CPU = Debug|Any CPU
		Release|Any CPU = Release|Any CPU
	EndGlobalSection
	GlobalSection(ProjectConfigurationPlatforms) = postSolution
		{5CC31799-6094-4974-968D-77994060454A}.Debug|Any CPU.ActiveCfg = Debug|Any CPU
		{5CC31799-6094-4974-968D-77994060454A}.Debug|Any CPU.Build.0 = Debug|Any CPU
		{5CC31799-6094-4974-968D-77994060454A}.Release|Any CPU.ActiveCfg = Release|Any CPU
		{5CC31799-6094-4974-968D-77994060454A}.Release|Any CPU.Build.0 = Release|Any CPU
		{774BDC20-F1B0-412D-990B-40397C5786A2}.Debug|Any CPU.ActiveCfg = Debug|Any CPU
		{774BDC20-F1B0-412D-990B-40397C5786A2}.Debug|Any CPU.Build.0 = Debug|Any CPU
		{774BDC20-F1B0-412D-990B-40397C5786A2}.Release|Any CPU.ActiveCfg = Release|Any CPU
		{774BDC20-F1B0-412D-990B-40397C5786A2}.Release|Any CPU.Build.0 = Release|Any CPU
	EndGlobalSection
	GlobalSection(SolutionProperties) = preSolution
		HideSolutionNode = FALSE
	EndGlobalSection
	GlobalSection(ExtensibilityGlobals) = postSolution
		SolutionGuid = {F5B8CF4B-A928-402C-BD83-8FF6B158018C}
	EndGlobalSection
EndGlobal
