
Microsoft Visual Studio Solution File, Format Version 12.00
# Visual Studio Version 16
VisualStudioVersion = 16.0.30611.23
MinimumVisualStudioVersion = 10.0.40219.1
Project("{FAE04EC0-301F-11D3-BF4B-00C04F79EFBC}") = "client_grpc_test", "client_grpc_test\client_grpc_test.csproj", "{C0E6130D-077D-4D5E-A303-FE92DFF0AD45}"
EndProject
Global
	GlobalSection(SolutionConfigurationPlatforms) = preSolution
		Debug|Any CPU = Debug|Any CPU
		Release|Any CPU = Release|Any CPU
	EndGlobalSection
	GlobalSection(ProjectConfigurationPlatforms) = postSolution
		{C0E6130D-077D-4D5E-A303-FE92DFF0AD45}.Debug|Any CPU.ActiveCfg = Debug|Any CPU
		{C0E6130D-077D-4D5E-A303-FE92DFF0AD45}.Debug|Any CPU.Build.0 = Debug|Any CPU
		{C0E6130D-077D-4D5E-A303-FE92DFF0AD45}.Release|Any CPU.ActiveCfg = Release|Any CPU
		{C0E6130D-077D-4D5E-A303-FE92DFF0AD45}.Release|Any CPU.Build.0 = Release|Any CPU
	EndGlobalSection
	GlobalSection(SolutionProperties) = preSolution
		HideSolutionNode = FALSE
	EndGlobalSection
	GlobalSection(ExtensibilityGlobals) = postSolution
		SolutionGuid = {78156C51-904E-4616-B262-8DF16784F62F}
	EndGlobalSection
EndGlobal
